
Microsoft Visual Studio Solution File, Format Version 12.00
# Visual Studio Version 17
VisualStudioVersion = 17.3.32929.385
MinimumVisualStudioVersion = 10.0.40219.1
Project("{FAE04EC0-301F-11D3-BF4B-00C04F79EFBC}") = "zenit_2", "zenit_2\zenit_2.csproj", "{8516EB32-9DCB-4FB4-82FA-C7285B29914D}"
EndProject
Global
	GlobalSection(SolutionConfigurationPlatforms) = preSolution
		Debug|Any CPU = Debug|Any CPU
		Release|Any CPU = Release|Any CPU
	EndGlobalSection
	GlobalSection(ProjectConfigurationPlatforms) = postSolution
		{8516EB32-9DCB-4FB4-82FA-C7285B29914D}.Debug|Any CPU.ActiveCfg = Debug|Any CPU
		{8516EB32-9DCB-4FB4-82FA-C7285B29914D}.Debug|Any CPU.Build.0 = Debug|Any CPU
		{8516EB32-9DCB-4FB4-82FA-C7285B29914D}.Release|Any CPU.ActiveCfg = Release|Any CPU
		{8516EB32-9DCB-4FB4-82FA-C7285B29914D}.Release|Any CPU.Build.0 = Release|Any CPU
	EndGlobalSection
	GlobalSection(SolutionProperties) = preSolution
		HideSolutionNode = FALSE
	EndGlobalSection
	GlobalSection(ExtensibilityGlobals) = postSolution
		SolutionGuid = {6CC14811-A2A2-4B7C-9C9E-2AD871D849F5}
	EndGlobalSection
EndGlobal
